
Microsoft Visual Studio Solution File, Format Version 12.00
# Visual Studio Version 17
VisualStudioVersion = 17.11.35312.102
MinimumVisualStudioVersion = 10.0.40219.1
Project("{FAE04EC0-301F-11D3-BF4B-00C04F79EFBC}") = "FibonacciSequence", "FibonacciSequence.csproj", "{43FE5C55-7322-4356-8AA0-7AC91A593BE7}"
EndProject
Global
	GlobalSection(SolutionConfigurationPlatforms) = preSolution
		Debug|Any CPU = Debug|Any CPU
		Release|Any CPU = Release|Any CPU
	EndGlobalSection
	GlobalSection(ProjectConfigurationPlatforms) = postSolution
		{43FE5C55-7322-4356-8AA0-7AC91A593BE7}.Debug|Any CPU.ActiveCfg = Debug|Any CPU
		{43FE5C55-7322-4356-8AA0-7AC91A593BE7}.Debug|Any CPU.Build.0 = Debug|Any CPU
		{43FE5C55-7322-4356-8AA0-7AC91A593BE7}.Release|Any CPU.ActiveCfg = Release|Any CPU
		{43FE5C55-7322-4356-8AA0-7AC91A593BE7}.Release|Any CPU.Build.0 = Release|Any CPU
	EndGlobalSection
	GlobalSection(SolutionProperties) = preSolution
		HideSolutionNode = FALSE
	EndGlobalSection
	GlobalSection(ExtensibilityGlobals) = postSolution
		SolutionGuid = {959011F3-A048-4675-9A8A-D57377E2FAC0}
	EndGlobalSection
EndGlobal
